
Microsoft Visual Studio Solution File, Format Version 12.00
# Visual Studio Version 16
VisualStudioVersion = 16.0.29102.190
MinimumVisualStudioVersion = 10.0.40219.1
Project("{9A19103F-16F7-4668-BE54-9A1E7A4F7556}") = "BravoiSkill.API", "BravoiSkill.API.csproj", "{008759FC-EF88-4542-8F9B-5D3163E370A4}"
EndProject
Project("{9A19103F-16F7-4668-BE54-9A1E7A4F7556}") = "BravoiSkill.Domain", "..\BravoiSkill.Domain\BravoiSkill.Domain.csproj", "{6CB2E325-1684-4EDB-A98E-89FBAEAA5A27}"
EndProject
Project("{9A19103F-16F7-4668-BE54-9A1E7A4F7556}") = "BravoiSkill.Infrastructure", "..\BravoiSkill.Infrastructure\BravoiSkill.Infrastructure.csproj", "{E4A1BAC1-69A3-4291-83DB-851636DB1113}"
EndProject
Project("{9A19103F-16F7-4668-BE54-9A1E7A4F7556}") = "BravoiSkill.Application", "..\BravoiSkill.Application\BravoiSkill.Application.csproj", "{023A8ECA-B109-4C4D-A111-077313B3BFE5}"
EndProject
Global
	GlobalSection(SolutionConfigurationPlatforms) = preSolution
		Debug|Any CPU = Debug|Any CPU
		Release|Any CPU = Release|Any CPU
	EndGlobalSection
	GlobalSection(ProjectConfigurationPlatforms) = postSolution
		{008759FC-EF88-4542-8F9B-5D3163E370A4}.Debug|Any CPU.ActiveCfg = Debug|Any CPU
		{008759FC-EF88-4542-8F9B-5D3163E370A4}.Debug|Any CPU.Build.0 = Debug|Any CPU
		{008759FC-EF88-4542-8F9B-5D3163E370A4}.Release|Any CPU.ActiveCfg = Release|Any CPU
		{008759FC-EF88-4542-8F9B-5D3163E370A4}.Release|Any CPU.Build.0 = Release|Any CPU
		{6CB2E325-1684-4EDB-A98E-89FBAEAA5A27}.Debug|Any CPU.ActiveCfg = Debug|Any CPU
		{6CB2E325-1684-4EDB-A98E-89FBAEAA5A27}.Debug|Any CPU.Build.0 = Debug|Any CPU
		{6CB2E325-1684-4EDB-A98E-89FBAEAA5A27}.Release|Any CPU.ActiveCfg = Release|Any CPU
		{6CB2E325-1684-4EDB-A98E-89FBAEAA5A27}.Release|Any CPU.Build.0 = Release|Any CPU
		{E4A1BAC1-69A3-4291-83DB-851636DB1113}.Debug|Any CPU.ActiveCfg = Debug|Any CPU
		{E4A1BAC1-69A3-4291-83DB-851636DB1113}.Debug|Any CPU.Build.0 = Debug|Any CPU
		{E4A1BAC1-69A3-4291-83DB-851636DB1113}.Release|Any CPU.ActiveCfg = Release|Any CPU
		{E4A1BAC1-69A3-4291-83DB-851636DB1113}.Release|Any CPU.Build.0 = Release|Any CPU
		{023A8ECA-B109-4C4D-A111-077313B3BFE5}.Debug|Any CPU.ActiveCfg = Debug|Any CPU
		{023A8ECA-B109-4C4D-A111-077313B3BFE5}.Debug|Any CPU.Build.0 = Debug|Any CPU
		{023A8ECA-B109-4C4D-A111-077313B3BFE5}.Release|Any CPU.ActiveCfg = Release|Any CPU
		{023A8ECA-B109-4C4D-A111-077313B3BFE5}.Release|Any CPU.Build.0 = Release|Any CPU
	EndGlobalSection
	GlobalSection(SolutionProperties) = preSolution
		HideSolutionNode = FALSE
	EndGlobalSection
	GlobalSection(ExtensibilityGlobals) = postSolution
		SolutionGuid = {314701E6-4286-4195-AEC3-F31AEA759D6C}
	EndGlobalSection
EndGlobal
